
Microsoft Visual Studio Solution File, Format Version 12.00
# Visual Studio 15
VisualStudioVersion = 15.0.26124.0
MinimumVisualStudioVersion = 15.0.26124.0
Project("{2150E333-8FDC-42A3-9474-1A3956D46DE8}") = "src", "src", "{F5ADFFAE-0D98-4209-8C2E-56857B7269F1}"
EndProject
Project("{FAE04EC0-301F-11D3-BF4B-00C04F79EFBC}") = "CleanReaderBot.Application", "src\CleanReaderBot.Application\CleanReaderBot.Application.csproj", "{438FEE05-D6F2-4FD5-91A3-E37491BB4263}"
EndProject
Project("{2150E333-8FDC-42A3-9474-1A3956D46DE8}") = "tests", "tests", "{1259A9DE-AA77-4199-B0C1-34B30B43BE63}"
EndProject
Project("{FAE04EC0-301F-11D3-BF4B-00C04F79EFBC}") = "CleanReaderBot.Application.Tests", "tests\CleanReaderBot.Application.Tests\CleanReaderBot.Application.Tests.csproj", "{FF7CF22D-EEA9-4478-BFDB-47DD474D1A24}"
EndProject
Project("{FAE04EC0-301F-11D3-BF4B-00C04F79EFBC}") = "CleanReaderBot.Application.BookProvider.Goodreads", "src\CleanReaderBot.Application.BookProvider.Goodreads\CleanReaderBot.Application.BookProvider.Goodreads.csproj", "{3F8D2B2E-DBDB-401D-BF6C-10370CBF94F8}"
EndProject
Project("{FAE04EC0-301F-11D3-BF4B-00C04F79EFBC}") = "CleanReaderBot.Webhooks", "src\CleanReaderBot.Webhooks\CleanReaderBot.Webhooks.csproj", "{936C0409-D562-403E-A7B7-6F8388B01359}"
EndProject
Project("{FAE04EC0-301F-11D3-BF4B-00C04F79EFBC}") = "CleanReaderBot.Webhooks.Tests", "tests\CleanReaderBot.Webhooks.Tests\CleanReaderBot.Webhooks.Tests.csproj", "{898053A7-7108-4BA6-8106-A69B0BC4BB14}"
EndProject
Project("{FAE04EC0-301F-11D3-BF4B-00C04F79EFBC}") = "CleanReaderBot.Application.BookProvider.Goodreads.Tests", "tests\CleanReaderBot.Application.BookProvider.Goodreads.Tests\CleanReaderBot.Application.BookProvider.Goodreads.Tests.csproj", "{8D776B72-72D7-4300-8396-9F235474166E}"
EndProject
Project("{FAE04EC0-301F-11D3-BF4B-00C04F79EFBC}") = "CleanReaderBot.Webhooks.IntegrationTests", "tests\CleanReaderBot.Webhooks.IntegrationTests\CleanReaderBot.Webhooks.IntegrationTests.csproj", "{59268E5E-73EC-4FA8-8D0D-A2C9FBD55734}"
EndProject
Global
	GlobalSection(SolutionConfigurationPlatforms) = preSolution
		Debug|Any CPU = Debug|Any CPU
		Debug|x64 = Debug|x64
		Debug|x86 = Debug|x86
		Release|Any CPU = Release|Any CPU
		Release|x64 = Release|x64
		Release|x86 = Release|x86
	EndGlobalSection
	GlobalSection(SolutionProperties) = preSolution
		HideSolutionNode = FALSE
	EndGlobalSection
	GlobalSection(ProjectConfigurationPlatforms) = postSolution
		{438FEE05-D6F2-4FD5-91A3-E37491BB4263}.Debug|Any CPU.ActiveCfg = Debug|Any CPU
		{438FEE05-D6F2-4FD5-91A3-E37491BB4263}.Debug|Any CPU.Build.0 = Debug|Any CPU
		{438FEE05-D6F2-4FD5-91A3-E37491BB4263}.Debug|x64.ActiveCfg = Debug|Any CPU
		{438FEE05-D6F2-4FD5-91A3-E37491BB4263}.Debug|x64.Build.0 = Debug|Any CPU
		{438FEE05-D6F2-4FD5-91A3-E37491BB4263}.Debug|x86.ActiveCfg = Debug|Any CPU
		{438FEE05-D6F2-4FD5-91A3-E37491BB4263}.Debug|x86.Build.0 = Debug|Any CPU
		{438FEE05-D6F2-4FD5-91A3-E37491BB4263}.Release|Any CPU.ActiveCfg = Release|Any CPU
		{438FEE05-D6F2-4FD5-91A3-E37491BB4263}.Release|Any CPU.Build.0 = Release|Any CPU
		{438FEE05-D6F2-4FD5-91A3-E37491BB4263}.Release|x64.ActiveCfg = Release|Any CPU
		{438FEE05-D6F2-4FD5-91A3-E37491BB4263}.Release|x64.Build.0 = Release|Any CPU
		{438FEE05-D6F2-4FD5-91A3-E37491BB4263}.Release|x86.ActiveCfg = Release|Any CPU
		{438FEE05-D6F2-4FD5-91A3-E37491BB4263}.Release|x86.Build.0 = Release|Any CPU
		{FF7CF22D-EEA9-4478-BFDB-47DD474D1A24}.Debug|Any CPU.ActiveCfg = Debug|Any CPU
		{FF7CF22D-EEA9-4478-BFDB-47DD474D1A24}.Debug|Any CPU.Build.0 = Debug|Any CPU
		{FF7CF22D-EEA9-4478-BFDB-47DD474D1A24}.Debug|x64.ActiveCfg = Debug|Any CPU
		{FF7CF22D-EEA9-4478-BFDB-47DD474D1A24}.Debug|x64.Build.0 = Debug|Any CPU
		{FF7CF22D-EEA9-4478-BFDB-47DD474D1A24}.Debug|x86.ActiveCfg = Debug|Any CPU
		{FF7CF22D-EEA9-4478-BFDB-47DD474D1A24}.Debug|x86.Build.0 = Debug|Any CPU
		{FF7CF22D-EEA9-4478-BFDB-47DD474D1A24}.Release|Any CPU.ActiveCfg = Release|Any CPU
		{FF7CF22D-EEA9-4478-BFDB-47DD474D1A24}.Release|Any CPU.Build.0 = Release|Any CPU
		{FF7CF22D-EEA9-4478-BFDB-47DD474D1A24}.Release|x64.ActiveCfg = Release|Any CPU
		{FF7CF22D-EEA9-4478-BFDB-47DD474D1A24}.Release|x64.Build.0 = Release|Any CPU
		{FF7CF22D-EEA9-4478-BFDB-47DD474D1A24}.Release|x86.ActiveCfg = Release|Any CPU
		{FF7CF22D-EEA9-4478-BFDB-47DD474D1A24}.Release|x86.Build.0 = Release|Any CPU
		{3F8D2B2E-DBDB-401D-BF6C-10370CBF94F8}.Debug|Any CPU.ActiveCfg = Debug|Any CPU
		{3F8D2B2E-DBDB-401D-BF6C-10370CBF94F8}.Debug|Any CPU.Build.0 = Debug|Any CPU
		{3F8D2B2E-DBDB-401D-BF6C-10370CBF94F8}.Debug|x64.ActiveCfg = Debug|Any CPU
		{3F8D2B2E-DBDB-401D-BF6C-10370CBF94F8}.Debug|x64.Build.0 = Debug|Any CPU
		{3F8D2B2E-DBDB-401D-BF6C-10370CBF94F8}.Debug|x86.ActiveCfg = Debug|Any CPU
		{3F8D2B2E-DBDB-401D-BF6C-10370CBF94F8}.Debug|x86.Build.0 = Debug|Any CPU
		{3F8D2B2E-DBDB-401D-BF6C-10370CBF94F8}.Release|Any CPU.ActiveCfg = Release|Any CPU
		{3F8D2B2E-DBDB-401D-BF6C-10370CBF94F8}.Release|Any CPU.Build.0 = Release|Any CPU
		{3F8D2B2E-DBDB-401D-BF6C-10370CBF94F8}.Release|x64.ActiveCfg = Release|Any CPU
		{3F8D2B2E-DBDB-401D-BF6C-10370CBF94F8}.Release|x64.Build.0 = Release|Any CPU
		{3F8D2B2E-DBDB-401D-BF6C-10370CBF94F8}.Release|x86.ActiveCfg = Release|Any CPU
		{3F8D2B2E-DBDB-401D-BF6C-10370CBF94F8}.Release|x86.Build.0 = Release|Any CPU
		{936C0409-D562-403E-A7B7-6F8388B01359}.Debug|Any CPU.ActiveCfg = Debug|Any CPU
		{936C0409-D562-403E-A7B7-6F8388B01359}.Debug|Any CPU.Build.0 = Debug|Any CPU
		{936C0409-D562-403E-A7B7-6F8388B01359}.Debug|x64.ActiveCfg = Debug|Any CPU
		{936C0409-D562-403E-A7B7-6F8388B01359}.Debug|x64.Build.0 = Debug|Any CPU
		{936C0409-D562-403E-A7B7-6F8388B01359}.Debug|x86.ActiveCfg = Debug|Any CPU
		{936C0409-D562-403E-A7B7-6F8388B01359}.Debug|x86.Build.0 = Debug|Any CPU
		{936C0409-D562-403E-A7B7-6F8388B01359}.Release|Any CPU.ActiveCfg = Release|Any CPU
		{936C0409-D562-403E-A7B7-6F8388B01359}.Release|Any CPU.Build.0 = Release|Any CPU
		{936C0409-D562-403E-A7B7-6F8388B01359}.Release|x64.ActiveCfg = Release|Any CPU
		{936C0409-D562-403E-A7B7-6F8388B01359}.Release|x64.Build.0 = Release|Any CPU
		{936C0409-D562-403E-A7B7-6F8388B01359}.Release|x86.ActiveCfg = Release|Any CPU
		{936C0409-D562-403E-A7B7-6F8388B01359}.Release|x86.Build.0 = Release|Any CPU
		{898053A7-7108-4BA6-8106-A69B0BC4BB14}.Debug|Any CPU.ActiveCfg = Debug|Any CPU
		{898053A7-7108-4BA6-8106-A69B0BC4BB14}.Debug|Any CPU.Build.0 = Debug|Any CPU
		{898053A7-7108-4BA6-8106-A69B0BC4BB14}.Debug|x64.ActiveCfg = Debug|Any CPU
		{898053A7-7108-4BA6-8106-A69B0BC4BB14}.Debug|x64.Build.0 = Debug|Any CPU
		{898053A7-7108-4BA6-8106-A69B0BC4BB14}.Debug|x86.ActiveCfg = Debug|Any CPU
		{898053A7-7108-4BA6-8106-A69B0BC4BB14}.Debug|x86.Build.0 = Debug|Any CPU
		{898053A7-7108-4BA6-8106-A69B0BC4BB14}.Release|Any CPU.ActiveCfg = Release|Any CPU
		{898053A7-7108-4BA6-8106-A69B0BC4BB14}.Release|Any CPU.Build.0 = Release|Any CPU
		{898053A7-7108-4BA6-8106-A69B0BC4BB14}.Release|x64.ActiveCfg = Release|Any CPU
		{898053A7-7108-4BA6-8106-A69B0BC4BB14}.Release|x64.Build.0 = Release|Any CPU
		{898053A7-7108-4BA6-8106-A69B0BC4BB14}.Release|x86.ActiveCfg = Release|Any CPU
		{898053A7-7108-4BA6-8106-A69B0BC4BB14}.Release|x86.Build.0 = Release|Any CPU
		{8D776B72-72D7-4300-8396-9F235474166E}.Debug|Any CPU.ActiveCfg = Debug|Any CPU
		{8D776B72-72D7-4300-8396-9F235474166E}.Debug|Any CPU.Build.0 = Debug|Any CPU
		{8D776B72-72D7-4300-8396-9F235474166E}.Debug|x64.ActiveCfg = Debug|Any CPU
		{8D776B72-72D7-4300-8396-9F235474166E}.Debug|x64.Build.0 = Debug|Any CPU
		{8D776B72-72D7-4300-8396-9F235474166E}.Debug|x86.ActiveCfg = Debug|Any CPU
		{8D776B72-72D7-4300-8396-9F235474166E}.Debug|x86.Build.0 = Debug|Any CPU
		{8D776B72-72D7-4300-8396-9F235474166E}.Release|Any CPU.ActiveCfg = Release|Any CPU
		{8D776B72-72D7-4300-8396-9F235474166E}.Release|Any CPU.Build.0 = Release|Any CPU
		{8D776B72-72D7-4300-8396-9F235474166E}.Release|x64.ActiveCfg = Release|Any CPU
		{8D776B72-72D7-4300-8396-9F235474166E}.Release|x64.Build.0 = Release|Any CPU
		{8D776B72-72D7-4300-8396-9F235474166E}.Release|x86.ActiveCfg = Release|Any CPU
		{8D776B72-72D7-4300-8396-9F235474166E}.Release|x86.Build.0 = Release|Any CPU
		{59268E5E-73EC-4FA8-8D0D-A2C9FBD55734}.Debug|Any CPU.ActiveCfg = Debug|Any CPU
		{59268E5E-73EC-4FA8-8D0D-A2C9FBD55734}.Debug|Any CPU.Build.0 = Debug|Any CPU
		{59268E5E-73EC-4FA8-8D0D-A2C9FBD55734}.Debug|x64.ActiveCfg = Debug|Any CPU
		{59268E5E-73EC-4FA8-8D0D-A2C9FBD55734}.Debug|x64.Build.0 = Debug|Any CPU
		{59268E5E-73EC-4FA8-8D0D-A2C9FBD55734}.Debug|x86.ActiveCfg = Debug|Any CPU
		{59268E5E-73EC-4FA8-8D0D-A2C9FBD55734}.Debug|x86.Build.0 = Debug|Any CPU
		{59268E5E-73EC-4FA8-8D0D-A2C9FBD55734}.Release|Any CPU.ActiveCfg = Release|Any CPU
		{59268E5E-73EC-4FA8-8D0D-A2C9FBD55734}.Release|Any CPU.Build.0 = Release|Any CPU
		{59268E5E-73EC-4FA8-8D0D-A2C9FBD55734}.Release|x64.ActiveCfg = Release|Any CPU
		{59268E5E-73EC-4FA8-8D0D-A2C9FBD55734}.Release|x64.Build.0 = Release|Any CPU
		{59268E5E-73EC-4FA8-8D0D-A2C9FBD55734}.Release|x86.ActiveCfg = Release|Any CPU
		{59268E5E-73EC-4FA8-8D0D-A2C9FBD55734}.Release|x86.Build.0 = Release|Any CPU
	EndGlobalSection
	GlobalSection(NestedProjects) = preSolution
		{438FEE05-D6F2-4FD5-91A3-E37491BB4263} = {F5ADFFAE-0D98-4209-8C2E-56857B7269F1}
		{FF7CF22D-EEA9-4478-BFDB-47DD474D1A24} = {1259A9DE-AA77-4199-B0C1-34B30B43BE63}
		{3F8D2B2E-DBDB-401D-BF6C-10370CBF94F8} = {F5ADFFAE-0D98-4209-8C2E-56857B7269F1}
		{936C0409-D562-403E-A7B7-6F8388B01359} = {F5ADFFAE-0D98-4209-8C2E-56857B7269F1}
		{898053A7-7108-4BA6-8106-A69B0BC4BB14} = {1259A9DE-AA77-4199-B0C1-34B30B43BE63}
		{8D776B72-72D7-4300-8396-9F235474166E} = {1259A9DE-AA77-4199-B0C1-34B30B43BE63}
		{59268E5E-73EC-4FA8-8D0D-A2C9FBD55734} = {1259A9DE-AA77-4199-B0C1-34B30B43BE63}
	EndGlobalSection
EndGlobal
